
Microsoft Visual Studio Solution File, Format Version 12.00
# Visual Studio Version 16
VisualStudioVersion = 16.0.30523.141
MinimumVisualStudioVersion = 10.0.40219.1
Project("{FAE04EC0-301F-11D3-BF4B-00C04F79EFBC}") = "ConsoleApp2", "ConsoleApp2.csproj", "{DBC38DB5-4230-45DE-B7FE-BDD02AB0A4FB}"
EndProject
Global
	GlobalSection(SolutionConfigurationPlatforms) = preSolution
		Debug|Any CPU = Debug|Any CPU
		Release|Any CPU = Release|Any CPU
	EndGlobalSection
	GlobalSection(ProjectConfigurationPlatforms) = postSolution
		{DBC38DB5-4230-45DE-B7FE-BDD02AB0A4FB}.Debug|Any CPU.ActiveCfg = Debug|Any CPU
		{DBC38DB5-4230-45DE-B7FE-BDD02AB0A4FB}.Debug|Any CPU.Build.0 = Debug|Any CPU
		{DBC38DB5-4230-45DE-B7FE-BDD02AB0A4FB}.Release|Any CPU.ActiveCfg = Release|Any CPU
		{DBC38DB5-4230-45DE-B7FE-BDD02AB0A4FB}.Release|Any CPU.Build.0 = Release|Any CPU
	EndGlobalSection
	GlobalSection(SolutionProperties) = preSolution
		HideSolutionNode = FALSE
	EndGlobalSection
	GlobalSection(ExtensibilityGlobals) = postSolution
		SolutionGuid = {94DF0B08-488B-4D54-828A-BF303C07A5F3}
	EndGlobalSection
EndGlobal
